{
  "object": {
    "pins": [
      {
        "package": "LoadingSystem",
        "repositoryURL": "https://github.com/ytyubox/LoadingSystem",
        "state": {
          "branch": null,
          "revision": "ce69b00852db7806d23a2f4bbfce7211548e2123",
          "version": "1.2.1"
        }
      }
    ]
  },
  "version": 1
}
